
Microsoft Visual Studio Solution File, Format Version 12.00
# Visual Studio Version 16
VisualStudioVersion = 16.0.29709.97
MinimumVisualStudioVersion = 10.0.40219.1
Project("{FAE04EC0-301F-11D3-BF4B-00C04F79EFBC}") = "MyForum", "MyForum\MyForum.csproj", "{F4BA4D1D-04A4-4C7D-A7FB-6C483C4B0BE0}"
EndProject
Project("{FAE04EC0-301F-11D3-BF4B-00C04F79EFBC}") = "MyForum.Data", "MyForum.Data\MyForum.Data.csproj", "{C0FA3F1E-BE83-4F5E-8C69-77AAAA99830A}"
EndProject
Global
	GlobalSection(SolutionConfigurationPlatforms) = preSolution
		Debug|Any CPU = Debug|Any CPU
		Release|Any CPU = Release|Any CPU
	EndGlobalSection
	GlobalSection(ProjectConfigurationPlatforms) = postSolution
		{F4BA4D1D-04A4-4C7D-A7FB-6C483C4B0BE0}.Debug|Any CPU.ActiveCfg = Debug|Any CPU
		{F4BA4D1D-04A4-4C7D-A7FB-6C483C4B0BE0}.Debug|Any CPU.Build.0 = Debug|Any CPU
		{F4BA4D1D-04A4-4C7D-A7FB-6C483C4B0BE0}.Release|Any CPU.ActiveCfg = Release|Any CPU
		{F4BA4D1D-04A4-4C7D-A7FB-6C483C4B0BE0}.Release|Any CPU.Build.0 = Release|Any CPU
		{C0FA3F1E-BE83-4F5E-8C69-77AAAA99830A}.Debug|Any CPU.ActiveCfg = Debug|Any CPU
		{C0FA3F1E-BE83-4F5E-8C69-77AAAA99830A}.Debug|Any CPU.Build.0 = Debug|Any CPU
		{C0FA3F1E-BE83-4F5E-8C69-77AAAA99830A}.Release|Any CPU.ActiveCfg = Release|Any CPU
		{C0FA3F1E-BE83-4F5E-8C69-77AAAA99830A}.Release|Any CPU.Build.0 = Release|Any CPU
	EndGlobalSection
	GlobalSection(SolutionProperties) = preSolution
		HideSolutionNode = FALSE
	EndGlobalSection
	GlobalSection(ExtensibilityGlobals) = postSolution
		SolutionGuid = {D956E7EA-3869-4D9A-8C74-74D2857376FA}
	EndGlobalSection
EndGlobal
